# This file is generated by running "yarn install" inside your project.
# Manual changes might be lost - proceed with caution!

__metadata:
  version: 8
  cacheKey: 10c0

"@rollup/plugin-typescript@npm:^11.1.6":
  version: 11.1.6
  resolution: "@rollup/plugin-typescript@npm:11.1.6"
  dependencies:
    "@rollup/pluginutils": "npm:^5.1.0"
    resolve: "npm:^1.22.1"
  peerDependencies:
    rollup: ^2.14.0||^3.0.0||^4.0.0
    tslib: "*"
    typescript: ">=3.7.0"
  peerDependenciesMeta:
    rollup:
      optional: true
    tslib:
      optional: true
  checksum: 10c0/5347cd73ac28d4cf2401a3e689864a1a0df8f3ae029abd9c38525cbc84bcfa16c3a32a0ac5698dac65ec531ba7cf8332e14f5fc7f8fa501193da23320a134c5c
  languageName: node
  linkType: hard

"@rollup/pluginutils@npm:^5.1.0":
  version: 5.1.0
  resolution: "@rollup/pluginutils@npm:5.1.0"
  dependencies:
    "@types/estree": "npm:^1.0.0"
    estree-walker: "npm:^2.0.2"
    picomatch: "npm:^2.3.1"
  peerDependencies:
    rollup: ^1.20.0||^2.0.0||^3.0.0||^4.0.0
  peerDependenciesMeta:
    rollup:
      optional: true
  checksum: 10c0/c7bed15711f942d6fdd3470fef4105b73991f99a478605e13d41888963330a6f9e32be37e6ddb13f012bc7673ff5e54f06f59fd47109436c1c513986a8a7612d
  languageName: node
  linkType: hard

"@types/estree@npm:^1.0.0":
  version: 1.0.5
  resolution: "@types/estree@npm:1.0.5"
  checksum: 10c0/b3b0e334288ddb407c7b3357ca67dbee75ee22db242ca7c56fe27db4e1a31989cb8af48a84dd401deb787fe10cc6b2ab1ee82dc4783be87ededbe3d53c79c70d
  languageName: node
  linkType: hard

"@vekexasia/bigint-constrained@workspace:.":
  version: 0.0.0-use.local
  resolution: "@vekexasia/bigint-constrained@workspace:."
  dependencies:
    "@rollup/plugin-typescript": "npm:^11.1.6"
  peerDependencies:
    "@vekexasia/bigint-uint8array": "*"
  languageName: unknown
  linkType: soft

"estree-walker@npm:^2.0.2":
  version: 2.0.2
  resolution: "estree-walker@npm:2.0.2"
  checksum: 10c0/53a6c54e2019b8c914dc395890153ffdc2322781acf4bd7d1a32d7aedc1710807bdcd866ac133903d5629ec601fbb50abe8c2e5553c7f5a0afdd9b6af6c945af
  languageName: node
  linkType: hard

"function-bind@npm:^1.1.2":
  version: 1.1.2
  resolution: "function-bind@npm:1.1.2"
  checksum: 10c0/d8680ee1e5fcd4c197e4ac33b2b4dce03c71f4d91717292785703db200f5c21f977c568d28061226f9b5900cbcd2c84463646134fd5337e7925e0942bc3f46d5
  languageName: node
  linkType: hard

"hasown@npm:^2.0.0":
  version: 2.0.2
  resolution: "hasown@npm:2.0.2"
  dependencies:
    function-bind: "npm:^1.1.2"
  checksum: 10c0/3769d434703b8ac66b209a4cca0737519925bbdb61dd887f93a16372b14694c63ff4e797686d87c90f08168e81082248b9b028bad60d4da9e0d1148766f56eb9
  languageName: node
  linkType: hard

"is-core-module@npm:^2.13.0":
  version: 2.13.1
  resolution: "is-core-module@npm:2.13.1"
  dependencies:
    hasown: "npm:^2.0.0"
  checksum: 10c0/2cba9903aaa52718f11c4896dabc189bab980870aae86a62dc0d5cedb546896770ee946fb14c84b7adf0735f5eaea4277243f1b95f5cefa90054f92fbcac2518
  languageName: node
  linkType: hard

"path-parse@npm:^1.0.7":
  version: 1.0.7
  resolution: "path-parse@npm:1.0.7"
  checksum: 10c0/11ce261f9d294cc7a58d6a574b7f1b935842355ec66fba3c3fd79e0f036462eaf07d0aa95bb74ff432f9afef97ce1926c720988c6a7451d8a584930ae7de86e1
  languageName: node
  linkType: hard

"picomatch@npm:^2.3.1":
  version: 2.3.1
  resolution: "picomatch@npm:2.3.1"
  checksum: 10c0/26c02b8d06f03206fc2ab8d16f19960f2ff9e81a658f831ecb656d8f17d9edc799e8364b1f4a7873e89d9702dff96204be0fa26fe4181f6843f040f819dac4be
  languageName: node
  linkType: hard

"resolve@npm:^1.22.1":
  version: 1.22.8
  resolution: "resolve@npm:1.22.8"
  dependencies:
    is-core-module: "npm:^2.13.0"
    path-parse: "npm:^1.0.7"
    supports-preserve-symlinks-flag: "npm:^1.0.0"
  bin:
    resolve: bin/resolve
  checksum: 10c0/07e179f4375e1fd072cfb72ad66d78547f86e6196c4014b31cb0b8bb1db5f7ca871f922d08da0fbc05b94e9fd42206f819648fa3b5b873ebbc8e1dc68fec433a
  languageName: node
  linkType: hard

"resolve@patch:resolve@npm%3A^1.22.1#optional!builtin<compat/resolve>":
  version: 1.22.8
  resolution: "resolve@patch:resolve@npm%3A1.22.8#optional!builtin<compat/resolve>::version=1.22.8&hash=c3c19d"
  dependencies:
    is-core-module: "npm:^2.13.0"
    path-parse: "npm:^1.0.7"
    supports-preserve-symlinks-flag: "npm:^1.0.0"
  bin:
    resolve: bin/resolve
  checksum: 10c0/0446f024439cd2e50c6c8fa8ba77eaa8370b4180f401a96abf3d1ebc770ac51c1955e12764cde449fde3fff480a61f84388e3505ecdbab778f4bef5f8212c729
  languageName: node
  linkType: hard

"supports-preserve-symlinks-flag@npm:^1.0.0":
  version: 1.0.0
  resolution: "supports-preserve-symlinks-flag@npm:1.0.0"
  checksum: 10c0/6c4032340701a9950865f7ae8ef38578d8d7053f5e10518076e6554a9381fa91bd9c6850193695c141f32b21f979c985db07265a758867bac95de05f7d8aeb39
  languageName: node
  linkType: hard
